lockfileVersion: '9.0'

settings:
  autoInstallPeers: true
  excludeLinksFromLockfile: false

importers:

  .:
    dependencies:
      '@dashkite/generic':
        specifier: link:../generic
        version: link:../generic
      '@dashkite/joy':
        specifier: link:../joy
        version: link:../joy
      '@dashkite/kaiko':
        specifier: ^0.3.3
        version: 0.3.3
      '@dashkite/media-type':
        specifier: link:../media-type
        version: link:../media-type
      '@dashkite/url-codex':
        specifier: link:../url-codex
        version: link:../url-codex
      '@dashkite/zephyr':
        specifier: link:../zephyr
        version: link:../zephyr
      chalk:
        specifier: ^5.4.1
        version: 5.4.1
      commander:
        specifier: ^13.1.0
        version: 13.1.0
      dayjs:
        specifier: ^1.11.13
        version: 1.11.13
      ignore:
        specifier: ^7.0.4
        version: 7.0.4
      mime:
        specifier: ^4.0.7
        version: 4.0.7
      prismjs:
        specifier: ^1.30.0
        version: 1.30.0
      zx:
        specifier: ^8.5.3
        version: 8.5.3
    devDependencies:
      '@dashkite/amen':
        specifier: ^0.2.0
        version: 0.2.2
      '@dashkite/amen-console':
        specifier: ^0.0.2
        version: 0.0.2
      '@dashkite/assert':
        specifier: ^0.1.4
        version: 0.1.4
      '@dashkite/genie':
        specifier: link:../genie
        version: link:../genie
      '@dashkite/genie-clean':
        specifier: link:../genie-clean
        version: link:../genie-clean
      '@dashkite/genie-coffee':
        specifier: link:../genie-coffee
        version: link:../genie-coffee
      '@dashkite/genie-yaml':
        specifier: link:../genie-yaml
        version: link:../genie-yaml
      '@dashkite/runner':
        specifier: link:../runner
        version: link:../runner
      coffeescript:
        specifier: ^2.7.0
        version: 2.7.0
      jsonpath-plus:
        specifier: ^10.3.0
        version: 10.3.0

packages:

  '@dashkite/amen-console@0.0.2':
    resolution: {integrity: sha512-16xkmucNi9enIjXI3Khf54mdvDFG7+QSeB4/Xlh3AGKjPCwSQppV/DTVgaI5mkYcYO3b9v6RGrEGYvaji4ynVw==}

  '@dashkite/amen@0.2.2':
    resolution: {integrity: sha512-bJBbRiIcQaKBT2A+EOltZaZMqGCptPw7rfSnTsu1AiicYWrXwe41zwo2W0a079OpJTLsH9v2vnU20xMCP9mQqA==}

  '@dashkite/assert@0.1.4':
    resolution: {integrity: sha512-OLOzI/lA+EwCh6znSexGAG1V4bkaT5gU04xl6ApEluv5jICnHhinZ707MObu+jhVVJ9uHDDlG85O+Afn1aTQoQ==}

  '@dashkite/joy@0.3.16':
    resolution: {integrity: sha512-dsU0us4j1Pb+zceoBvLbnZ2PbmULkJUtM2vtWLxKmoc1DE4w9SVTiPTe6JWvF0A0vk90ldv+Lc9qEA5x3O+DtQ==}

  '@dashkite/kaiko@0.3.3':
    resolution: {integrity: sha512-XnAvVr9y2MsDqMLr4A24vkLF7Iuq3E8RjHEEpqhe29P5NevVX9jXKcXUStNMp9MSJbjHd2pqUNiM5Vvdja9ggg==}

  '@jsep-plugin/assignment@1.3.0':
    resolution: {integrity: sha512-VVgV+CXrhbMI3aSusQyclHkenWSAm95WaiKrMxRFam3JSUiIaQjoMIw2sEs/OX4XifnqeQUN4DYbJjlA8EfktQ==}
    engines: {node: '>= 10.16.0'}
    peerDependencies:
      jsep: ^0.4.0||^1.0.0

  '@jsep-plugin/regex@1.0.4':
    resolution: {integrity: sha512-q7qL4Mgjs1vByCaTnDFcBnV9HS7GVPJX5vyVoCgZHNSC9rjwIlmbXG5sUuorR5ndfHAIlJ8pVStxvjXHbNvtUg==}
    engines: {node: '>= 10.16.0'}
    peerDependencies:
      jsep: ^0.4.0||^1.0.0

  ansi-styles@4.3.0:
    resolution: {integrity: sha512-zbB9rCJAT1rbjiVDb2hqKFHNYLxgtk8NURxZ3IZwD3F6NtxbXZQCnnSi1Lkx+IDohdPlFp222wVALIheZJQSEg==}
    engines: {node: '>=8'}

  chalk@4.1.2:
    resolution: {integrity: sha512-oKnbhFyRIXpUuez8iBMmyEa4nbj4IOQyuhc/wy9kY7/WVPcwIO9VA668Pu8RkO7+0G76SLROeyw9CpQ061i4mA==}
    engines: {node: '>=10'}

  chalk@5.4.1:
    resolution: {integrity: sha512-zgVZuo2WcZgfUEmsn6eO3kINexW8RAE4maiQ8QNs8CtpPCSyMiYsULR3HQYkm3w8FIA3SberyMJMSldGsW+U3w==}
    engines: {node: ^12.17.0 || ^14.13 || >=16.0.0}

  coffeescript@2.7.0:
    resolution: {integrity: sha512-hzWp6TUE2d/jCcN67LrW1eh5b/rSDKQK6oD6VMLlggYVUUFexgTH9z3dNYihzX4RMhze5FTUsUmOXViJKFQR/A==}
    engines: {node: '>=6'}
    hasBin: true

  color-convert@2.0.1:
    resolution: {integrity: sha512-RRECPsj7iu/xb5oKYcsFHSppFNnsj/52OVTRKb4zP5onXwVF3zVmmToNcOfGC+CRDpfK/U584fMg38ZHCaElKQ==}
    engines: {node: '>=7.0.0'}

  color-name@1.1.4:
    resolution: {integrity: sha512-dOy+3AuW3a2wNbZHIuMZpTcgjGuLU/uBL/ubcZF9OXbDo8ff4O8yVp5Bf0efS8uEoYo5q4Fx7dY9OgQGXgAsQA==}

  commander@13.1.0:
    resolution: {integrity: sha512-/rFeCpNJQbhSZjGVwO9RFV3xPqbnERS8MmIQzCtD/zl6gpJuV/bMLuN92oG3F7d8oDEHHRrujSXNUr8fpjntKw==}
    engines: {node: '>=18'}

  dayjs@1.11.13:
    resolution: {integrity: sha512-oaMBel6gjolK862uaPQOVTA7q3TZhuSvuMQAAglQDOWYO9A91IrAOUJEyKVlqJlHE0vq5p5UXxzdPfMH/x6xNg==}

  has-flag@4.0.0:
    resolution: {integrity: sha512-EykJT/Q1KjTWctppgIAgfSO0tKVuZUjhgMr17kqTumMl6Afv3EISleU7qZUzoXDFTAHTDC4NOoG/ZxU3EvlMPQ==}
    engines: {node: '>=8'}

  ignore@7.0.4:
    resolution: {integrity: sha512-gJzzk+PQNznz8ysRrC0aOkBNVRBDtE1n53IqyqEf3PXrYwomFs5q4pGMizBMJF+ykh03insJ27hB8gSrD2Hn8A==}
    engines: {node: '>= 4'}

  jsep@1.4.0:
    resolution: {integrity: sha512-B7qPcEVE3NVkmSJbaYxvv4cHkVW7DQsZz13pUMrfS8z8Q/BuShN+gcTXrUlPiGqM2/t/EEaI030bpxMqY8gMlw==}
    engines: {node: '>= 10.16.0'}

  jsonpath-plus@10.3.0:
    resolution: {integrity: sha512-8TNmfeTCk2Le33A3vRRwtuworG/L5RrgMvdjhKZxvyShO+mBu2fP50OWUjRLNtvw344DdDarFh9buFAZs5ujeA==}
    engines: {node: '>=18.0.0'}
    hasBin: true

  mime@4.0.7:
    resolution: {integrity: sha512-2OfDPL+e03E0LrXaGYOtTFIYhiuzep94NSsuhrNULq+stylcJedcHdzHtz0atMUuGwJfFYs0YL5xeC/Ca2x0eQ==}
    engines: {node: '>=16'}
    hasBin: true

  prismjs@1.30.0:
    resolution: {integrity: sha512-DEvV2ZF2r2/63V+tK8hQvrR2ZGn10srHbXviTlcv7Kpzw8jWiNTqbVgjO3IY8RxrrOUF8VPMQQFysYYYv0YZxw==}
    engines: {node: '>=6'}

  supports-color@7.2.0:
    resolution: {integrity: sha512-qpCAvRl9stuOHveKsn7HncJRvv501qIacKzQlO/+Lwxc9+0q2wLyv4Dfvt80/DPn2pqOBsJdDiogXGR9+OvwRw==}
    engines: {node: '>=8'}

  zx@8.5.3:
    resolution: {integrity: sha512-TsGLAt8Ngr4wDXLZmN9BT+6FWVLFbqdQ0qpXkV3tIfH7F+MgN/WUeSY7W4nNqAntjWunmnRaznpyxtJRPhCbUQ==}
    engines: {node: '>= 12.17.0'}
    hasBin: true

snapshots:

  '@dashkite/amen-console@0.0.2':
    dependencies:
      chalk: 4.1.2

  '@dashkite/amen@0.2.2': {}

  '@dashkite/assert@0.1.4':
    dependencies:
      '@dashkite/joy': 0.3.16

  '@dashkite/joy@0.3.16': {}

  '@dashkite/kaiko@0.3.3': {}

  '@jsep-plugin/assignment@1.3.0(jsep@1.4.0)':
    dependencies:
      jsep: 1.4.0

  '@jsep-plugin/regex@1.0.4(jsep@1.4.0)':
    dependencies:
      jsep: 1.4.0

  ansi-styles@4.3.0:
    dependencies:
      color-convert: 2.0.1

  chalk@4.1.2:
    dependencies:
      ansi-styles: 4.3.0
      supports-color: 7.2.0

  chalk@5.4.1: {}

  coffeescript@2.7.0: {}

  color-convert@2.0.1:
    dependencies:
      color-name: 1.1.4

  color-name@1.1.4: {}

  commander@13.1.0: {}

  dayjs@1.11.13: {}

  has-flag@4.0.0: {}

  ignore@7.0.4: {}

  jsep@1.4.0: {}

  jsonpath-plus@10.3.0:
    dependencies:
      '@jsep-plugin/assignment': 1.3.0(jsep@1.4.0)
      '@jsep-plugin/regex': 1.0.4(jsep@1.4.0)
      jsep: 1.4.0

  mime@4.0.7: {}

  prismjs@1.30.0: {}

  supports-color@7.2.0:
    dependencies:
      has-flag: 4.0.0

  zx@8.5.3: {}
